
Microsoft Visual Studio Solution File, Format Version 12.00
# Visual Studio Version 16
VisualStudioVersion = 16.0.30011.22
MinimumVisualStudioVersion = 10.0.40219.1
Project("{9A19103F-16F7-4668-BE54-9A1E7A4F7556}") = "Domain", "Domain\Domain.csproj", "{BC5763DB-3C6D-4249-B6C8-0458F961AB73}"
EndProject
Project("{9A19103F-16F7-4668-BE54-9A1E7A4F7556}") = "Application", "Application\Application.csproj", "{739B4256-B57A-4FF5-8AD2-C15C17EA9250}"
EndProject
Project("{9A19103F-16F7-4668-BE54-9A1E7A4F7556}") = "Persistence", "Persistence\Persistence.csproj", "{D824E614-C004-4BE2-A9FC-933FD159F345}"
EndProject
Project("{9A19103F-16F7-4668-BE54-9A1E7A4F7556}") = "API", "API\API.csproj", "{7A53554F-B0B4-41D8-A76C-CBF1390EE819}"
EndProject
Project("{FAE04EC0-301F-11D3-BF4B-00C04F79EFBC}") = "ApplicationTest", "ApplicationTest\ApplicationTest.csproj", "{9323BACB-9E6C-4A01-8B5D-F01DD5A40394}"
EndProject
Global
	GlobalSection(SolutionConfigurationPlatforms) = preSolution
		Debug|Any CPU = Debug|Any CPU
		Release|Any CPU = Release|Any CPU
	EndGlobalSection
	GlobalSection(ProjectConfigurationPlatforms) = postSolution
		{BC5763DB-3C6D-4249-B6C8-0458F961AB73}.Debug|Any CPU.ActiveCfg = Debug|Any CPU
		{BC5763DB-3C6D-4249-B6C8-0458F961AB73}.Debug|Any CPU.Build.0 = Debug|Any CPU
		{BC5763DB-3C6D-4249-B6C8-0458F961AB73}.Release|Any CPU.ActiveCfg = Release|Any CPU
		{BC5763DB-3C6D-4249-B6C8-0458F961AB73}.Release|Any CPU.Build.0 = Release|Any CPU
		{739B4256-B57A-4FF5-8AD2-C15C17EA9250}.Debug|Any CPU.ActiveCfg = Debug|Any CPU
		{739B4256-B57A-4FF5-8AD2-C15C17EA9250}.Debug|Any CPU.Build.0 = Debug|Any CPU
		{739B4256-B57A-4FF5-8AD2-C15C17EA9250}.Release|Any CPU.ActiveCfg = Release|Any CPU
		{739B4256-B57A-4FF5-8AD2-C15C17EA9250}.Release|Any CPU.Build.0 = Release|Any CPU
		{D824E614-C004-4BE2-A9FC-933FD159F345}.Debug|Any CPU.ActiveCfg = Debug|Any CPU
		{D824E614-C004-4BE2-A9FC-933FD159F345}.Debug|Any CPU.Build.0 = Debug|Any CPU
		{D824E614-C004-4BE2-A9FC-933FD159F345}.Release|Any CPU.ActiveCfg = Release|Any CPU
		{D824E614-C004-4BE2-A9FC-933FD159F345}.Release|Any CPU.Build.0 = Release|Any CPU
		{7A53554F-B0B4-41D8-A76C-CBF1390EE819}.Debug|Any CPU.ActiveCfg = Debug|Any CPU
		{7A53554F-B0B4-41D8-A76C-CBF1390EE819}.Debug|Any CPU.Build.0 = Debug|Any CPU
		{7A53554F-B0B4-41D8-A76C-CBF1390EE819}.Release|Any CPU.ActiveCfg = Release|Any CPU
		{7A53554F-B0B4-41D8-A76C-CBF1390EE819}.Release|Any CPU.Build.0 = Release|Any CPU
		{9323BACB-9E6C-4A01-8B5D-F01DD5A40394}.Debug|Any CPU.ActiveCfg = Debug|Any CPU
		{9323BACB-9E6C-4A01-8B5D-F01DD5A40394}.Debug|Any CPU.Build.0 = Debug|Any CPU
		{9323BACB-9E6C-4A01-8B5D-F01DD5A40394}.Release|Any CPU.ActiveCfg = Release|Any CPU
		{9323BACB-9E6C-4A01-8B5D-F01DD5A40394}.Release|Any CPU.Build.0 = Release|Any CPU
	EndGlobalSection
	GlobalSection(SolutionProperties) = preSolution
		HideSolutionNode = FALSE
	EndGlobalSection
	GlobalSection(ExtensibilityGlobals) = postSolution
		SolutionGuid = {1DC50DB0-6918-4D0C-A6C1-098F8BEF72BF}
	EndGlobalSection
EndGlobal
